// !$*UTF8*$!
{
	archiveVersion = 1;
	classes = {
	};
	objectVersion = 56;
	objects = {

/* Begin PBXBuildFile section */
		5EA4C40A296CA650002588D0 /* AutoCodeAIApp.swift in Sources */ = {isa = PBXBuildFile; fileRef = 5EA4C409296CA650002588D0 /* AutoCodeAIApp.swift */; };
		5EA4C40C296CA650002588D0 /* LoginView.swift in Sources */ = {isa = PBXBuildFile; fileRef = 5EA4C40B296CA650002588D0 /* LoginView.swift */; };
		5EA4C40E296CA654002588D0 /* Assets.xcassets in Resources */ = {isa = PBXBuildFile; fileRef = 5EA4C40D296CA654002588D0 /* Assets.xcassets */; };
		5EA4C411296CA654002588D0 /* Preview Assets.xcassets in Resources */ = {isa = PBXBuildFile; fileRef = 5EA4C410296CA654002588D0 /* Preview Assets.xcassets */; };
		5EA4C419296CAC62002588D0 /* SignUpView.swift in Sources */ = {isa = PBXBuildFile; fileRef = 5EA4C418296CAC62002588D0 /* SignUpView.swift */; };
		5EA4C41B296CAC7A002588D0 /* ConfirmationView.swift in Sources */ = {isa = PBXBuildFile; fileRef = 5EA4C41A296CAC7A002588D0 /* ConfirmationView.swift */; };
		5EA4C41D296CACB7002588D0 /* ResetPasswordView.swift in Sources */ = {isa = PBXBuildFile; fileRef = 5EA4C41C296CACB7002588D0 /* ResetPasswordView.swift */; };
		5EA4C41F296CACD9002588D0 /* ResetPasswordConfirmView.swift in Sources */ = {isa = PBXBuildFile; fileRef = 5EA4C41E296CACD9002588D0 /* ResetPasswordConfirmView.swift */; };
		5EA4C421296CAD1F002588D0 /* SessionManager.swift in Sources */ = {isa = PBXBuildFile; fileRef = 5EA4C420296CAD1F002588D0 /* SessionManager.swift */; };
		5EA4C423296CAD88002588D0 /* SessionView.swift in Sources */ = {isa = PBXBuildFile; fileRef = 5EA4C422296CAD88002588D0 /* SessionView.swift */; };
		5EBE815E296CB4680059C92B /* ViewExtention.swift in Sources */ = {isa = PBXBuildFile; fileRef = 5EBE815D296CB4680059C92B /* ViewExtention.swift */; };
		7F2F7C148C021E10132149FF /* Pods_AutoCodeAI.framework in Frameworks */ = {isa = PBXBuildFile; fileRef = 50D88B140B9A0B82EE947D06 /* Pods_AutoCodeAI.framework */; };
		B5982DC844AFB14BCAE383B6 /* awsconfiguration.json in Resources */ = {isa = PBXBuildFile; fileRef = D9E3120E7B1E54AD302DA9A5 /* awsconfiguration.json */; };
		F965B0F8E801F4A383489D7E /* amplifyconfiguration.json in Resources */ = {isa = PBXBuildFile; fileRef = 48DE5345F2246F0385608D31 /* amplifyconfiguration.json */; };
/* End PBXBuildFile section */

/* Begin PBXFileReference section */
		25960617E12E756CF86DED5C /* Pods-AutoCodeAI.release.xcconfig */ = {isa = PBXFileReference; includeInIndex = 1; lastKnownFileType = text.xcconfig; name = "Pods-AutoCodeAI.release.xcconfig"; path = "Target Support Files/Pods-AutoCodeAI/Pods-AutoCodeAI.release.xcconfig"; sourceTree = "<group>"; };
		48DE5345F2246F0385608D31 /* amplifyconfiguration.json */ = {isa = PBXFileReference; explicitFileType = text.json; lastKnownFileType = text.json; name = amplifyconfiguration.json; path = amplifyconfiguration.json; sourceTree = "<group>"; };
		50D88B140B9A0B82EE947D06 /* Pods_AutoCodeAI.framework */ = {isa = PBXFileReference; explicitFileType = wrapper.framework; includeInIndex = 0; path = Pods_AutoCodeAI.framework; sourceTree = BUILT_PRODUCTS_DIR; };
		5EA4C406296CA650002588D0 /* AutoCodeAI.app */ = {isa = PBXFileReference; explicitFileType = wrapper.application; includeInIndex = 0; path = AutoCodeAI.app; sourceTree = BUILT_PRODUCTS_DIR; };
		5EA4C409296CA650002588D0 /* AutoCodeAIApp.swift */ = {isa = PBXFileReference; lastKnownFileType = sourcecode.swift; path = AutoCodeAIApp.swift; sourceTree = "<group>"; };
		5EA4C40B296CA650002588D0 /* LoginView.swift */ = {isa = PBXFileReference; lastKnownFileType = sourcecode.swift; path = LoginView.swift; sourceTree = "<group>"; };
		5EA4C40D296CA654002588D0 /* Assets.xcassets */ = {isa = PBXFileReference; lastKnownFileType = folder.assetcatalog; path = Assets.xcassets; sourceTree = "<group>"; };
		5EA4C410296CA654002588D0 /* Preview Assets.xcassets */ = {isa = PBXFileReference; lastKnownFileType = folder.assetcatalog; path = "Preview Assets.xcassets"; sourceTree = "<group>"; };
		5EA4C418296CAC62002588D0 /* SignUpView.swift */ = {isa = PBXFileReference; lastKnownFileType = sourcecode.swift; path = SignUpView.swift; sourceTree = "<group>"; };
		5EA4C41A296CAC7A002588D0 /* ConfirmationView.swift */ = {isa = PBXFileReference; lastKnownFileType = sourcecode.swift; path = ConfirmationView.swift; sourceTree = "<group>"; };
		5EA4C41C296CACB7002588D0 /* ResetPasswordView.swift */ = {isa = PBXFileReference; lastKnownFileType = sourcecode.swift; path = ResetPasswordView.swift; sourceTree = "<group>"; };
		5EA4C41E296CACD9002588D0 /* ResetPasswordConfirmView.swift */ = {isa = PBXFileReference; lastKnownFileType = sourcecode.swift; path = ResetPasswordConfirmView.swift; sourceTree = "<group>"; };
		5EA4C420296CAD1F002588D0 /* SessionManager.swift */ = {isa = PBXFileReference; lastKnownFileType = sourcecode.swift; path = SessionManager.swift; sourceTree = "<group>"; };
		5EA4C422296CAD88002588D0 /* SessionView.swift */ = {isa = PBXFileReference; lastKnownFileType = sourcecode.swift; path = SessionView.swift; sourceTree = "<group>"; };
		5EBE815D296CB4680059C92B /* ViewExtention.swift */ = {isa = PBXFileReference; lastKnownFileType = sourcecode.swift; path = ViewExtention.swift; sourceTree = "<group>"; };
		D9E3120E7B1E54AD302DA9A5 /* awsconfiguration.json */ = {isa = PBXFileReference; explicitFileType = text.json; lastKnownFileType = text.json; name = awsconfiguration.json; path = awsconfiguration.json; sourceTree = "<group>"; };
		F75B11B3BC34B5293C3D3456 /* Pods-AutoCodeAI.debug.xcconfig */ = {isa = PBXFileReference; includeInIndex = 1; lastKnownFileType = text.xcconfig; name = "Pods-AutoCodeAI.debug.xcconfig"; path = "Target Support Files/Pods-AutoCodeAI/Pods-AutoCodeAI.debug.xcconfig"; sourceTree = "<group>"; };
/* End PBXFileReference section */

/* Begin PBXFrameworksBuildPhase section */
		5EA4C403296CA650002588D0 /* Frameworks */ = {
			isa = PBXFrameworksBuildPhase;
			buildActionMask = 2147483647;
			files = (
				7F2F7C148C021E10132149FF /* Pods_AutoCodeAI.framework in Frameworks */,
			);
			runOnlyForDeploymentPostprocessing = 0;
		};
/* End PBXFrameworksBuildPhase section */

/* Begin PBXGroup section */
		32931BD4D1C9E86CD8EAEAAF /* AmplifyConfig */ = {
			isa = PBXGroup;
			children = (
				D9E3120E7B1E54AD302DA9A5 /* awsconfiguration.json */,
				48DE5345F2246F0385608D31 /* amplifyconfiguration.json */,
			);
			name = AmplifyConfig;
			sourceTree = "<group>";
		};
		3462EB709C5CAA64884F19CE /* Frameworks */ = {
			isa = PBXGroup;
			children = (
				50D88B140B9A0B82EE947D06 /* Pods_AutoCodeAI.framework */,
			);
			name = Frameworks;
			sourceTree = "<group>";
		};
		44D716D19DE0D72DF903221E /* Pods */ = {
			isa = PBXGroup;
			children = (
				F75B11B3BC34B5293C3D3456 /* Pods-AutoCodeAI.debug.xcconfig */,
				25960617E12E756CF86DED5C /* Pods-AutoCodeAI.release.xcconfig */,
			);
			name = Pods;
			path = Pods;
			sourceTree = "<group>";
		};
		5EA4C3FD296CA650002588D0 = {
			isa = PBXGroup;
			children = (
				5EA4C408296CA650002588D0 /* AutoCodeAI */,
				5EA4C407296CA650002588D0 /* Products */,
				44D716D19DE0D72DF903221E /* Pods */,
				3462EB709C5CAA64884F19CE /* Frameworks */,
				32931BD4D1C9E86CD8EAEAAF /* AmplifyConfig */,
			);
			sourceTree = "<group>";
		};
		5EA4C407296CA650002588D0 /* Products */ = {
			isa = PBXGroup;
			children = (
				5EA4C406296CA650002588D0 /* AutoCodeAI.app */,
			);
			name = Products;
			sourceTree = "<group>";
		};
		5EA4C408296CA650002588D0 /* AutoCodeAI */ = {
			isa = PBXGroup;
			children = (
				5EA4C417296CA7B0002588D0 /* Auth */,
				5EA4C409296CA650002588D0 /* AutoCodeAIApp.swift */,
				5EA4C40D296CA654002588D0 /* Assets.xcassets */,
				5EA4C40F296CA654002588D0 /* Preview Content */,
			);
			path = AutoCodeAI;
			sourceTree = "<group>";
		};
		5EA4C40F296CA654002588D0 /* Preview Content */ = {
			isa = PBXGroup;
			children = (
				5EA4C410296CA654002588D0 /* Preview Assets.xcassets */,
			);
			path = "Preview Content";
			sourceTree = "<group>";
		};
		5EA4C417296CA7B0002588D0 /* Auth */ = {
			isa = PBXGroup;
			children = (
				5EA4C40B296CA650002588D0 /* LoginView.swift */,
				5EA4C418296CAC62002588D0 /* SignUpView.swift */,
				5EA4C41A296CAC7A002588D0 /* ConfirmationView.swift */,
				5EA4C41C296CACB7002588D0 /* ResetPasswordView.swift */,
				5EA4C41E296CACD9002588D0 /* ResetPasswordConfirmView.swift */,
				5EA4C420296CAD1F002588D0 /* SessionManager.swift */,
				5EA4C422296CAD88002588D0 /* SessionView.swift */,
				5EBE815D296CB4680059C92B /* ViewExtention.swift */,
			);
			path = Auth;
			sourceTree = "<group>";
		};
/* End PBXGroup section */

/* Begin PBXNativeTarget section */
		5EA4C405296CA650002588D0 /* AutoCodeAI */ = {
			isa = PBXNativeTarget;
			buildConfigurationList = 5EA4C414296CA654002588D0 /* Build configuration list for PBXNativeTarget "AutoCodeAI" */;
			buildPhases = (
				B4CB833DCE388BA4ACBD1B00 /* [CP] Check Pods Manifest.lock */,
				5EA4C402296CA650002588D0 /* Sources */,
				5EA4C403296CA650002588D0 /* Frameworks */,
				5EA4C404296CA650002588D0 /* Resources */,
				480FB90327381DCA04F3B9D8 /* [CP] Embed Pods Frameworks */,
			);
			buildRules = (
			);
			dependencies = (
			);
			name = AutoCodeAI;
			productName = AutoCodeAI;
			productReference = 5EA4C406296CA650002588D0 /* AutoCodeAI.app */;
			productType = "com.apple.product-type.application";
		};
/* End PBXNativeTarget section */

/* Begin PBXProject section */
		5EA4C3FE296CA650002588D0 /* Project object */ = {
			isa = PBXProject;
			attributes = {
				BuildIndependentTargetsInParallel = 1;
				LastSwiftUpdateCheck = 1410;
				LastUpgradeCheck = 1410;
				TargetAttributes = {
					5EA4C405296CA650002588D0 = {
						CreatedOnToolsVersion = 14.1;
					};
				};
			};
			buildConfigurationList = 5EA4C401296CA650002588D0 /* Build configuration list for PBXProject "AutoCodeAI" */;
			compatibilityVersion = "Xcode 14.0";
			developmentRegion = en;
			hasScannedForEncodings = 0;
			knownRegions = (
				en,
				Base,
			);
			mainGroup = 5EA4C3FD296CA650002588D0;
			productRefGroup = 5EA4C407296CA650002588D0 /* Products */;
			projectDirPath = "";
			projectRoot = "";
			targets = (
				5EA4C405296CA650002588D0 /* AutoCodeAI */,
			);
		};
/* End PBXProject section */

/* Begin PBXResourcesBuildPhase section */
		5EA4C404296CA650002588D0 /* Resources */ = {
			isa = PBXResourcesBuildPhase;
			buildActionMask = 2147483647;
			files = (
				5EA4C411296CA654002588D0 /* Preview Assets.xcassets in Resources */,
				5EA4C40E296CA654002588D0 /* Assets.xcassets in Resources */,
				B5982DC844AFB14BCAE383B6 /* awsconfiguration.json in Resources */,
				F965B0F8E801F4A383489D7E /* amplifyconfiguration.json in Resources */,
			);
			runOnlyForDeploymentPostprocessing = 0;
		};
/* End PBXResourcesBuildPhase section */

/* Begin PBXShellScriptBuildPhase section */
		480FB90327381DCA04F3B9D8 /* [CP] Embed Pods Frameworks */ = {
			isa = PBXShellScriptBuildPhase;
			buildActionMask = 2147483647;
			files = (
			);
			inputFileListPaths = (
				"${PODS_ROOT}/Target Support Files/Pods-AutoCodeAI/Pods-AutoCodeAI-frameworks-${CONFIGURATION}-input-files.xcfilelist",
			);
			inputPaths = (
			);
			name = "[CP] Embed Pods Frameworks";
			outputFileListPaths = (
				"${PODS_ROOT}/Target Support Files/Pods-AutoCodeAI/Pods-AutoCodeAI-frameworks-${CONFIGURATION}-output-files.xcfilelist",
			);
			outputPaths = (
			);
			runOnlyForDeploymentPostprocessing = 0;
			shellPath = /bin/sh;
			shellScript = "\"${PODS_ROOT}/Target Support Files/Pods-AutoCodeAI/Pods-AutoCodeAI-frameworks.sh\"\n";
			showEnvVarsInLog = 0;
		};
		B4CB833DCE388BA4ACBD1B00 /* [CP] Check Pods Manifest.lock */ = {
			isa = PBXShellScriptBuildPhase;
			buildActionMask = 2147483647;
			files = (
			);
			inputFileListPaths = (
			);
			inputPaths = (
				"${PODS_PODFILE_DIR_PATH}/Podfile.lock",
				"${PODS_ROOT}/Manifest.lock",
			);
			name = "[CP] Check Pods Manifest.lock";
			outputFileListPaths = (
			);
			outputPaths = (
				"$(DERIVED_FILE_DIR)/Pods-AutoCodeAI-checkManifestLockResult.txt",
			);
			runOnlyForDeploymentPostprocessing = 0;
			shellPath = /bin/sh;
			shellScript = "diff \"${PODS_PODFILE_DIR_PATH}/Podfile.lock\" \"${PODS_ROOT}/Manifest.lock\" > /dev/null\nif [ $? != 0 ] ; then\n    # print error to STDERR\n    echo \"error: The sandbox is not in sync with the Podfile.lock. Run 'pod install' or update your CocoaPods installation.\" >&2\n    exit 1\nfi\n# This output is used by Xcode 'outputs' to avoid re-running this script phase.\necho \"SUCCESS\" > \"${SCRIPT_OUTPUT_FILE_0}\"\n";
			showEnvVarsInLog = 0;
		};
/* End PBXShellScriptBuildPhase section */

/* Begin PBXSourcesBuildPhase section */
		5EA4C402296CA650002588D0 /* Sources */ = {
			isa = PBXSourcesBuildPhase;
			buildActionMask = 2147483647;
			files = (
				5EBE815E296CB4680059C92B /* ViewExtention.swift in Sources */,
				5EA4C40C296CA650002588D0 /* LoginView.swift in Sources */,
				5EA4C421296CAD1F002588D0 /* SessionManager.swift in Sources */,
				5EA4C41B296CAC7A002588D0 /* ConfirmationView.swift in Sources */,
				5EA4C423296CAD88002588D0 /* SessionView.swift in Sources */,
				5EA4C41D296CACB7002588D0 /* ResetPasswordView.swift in Sources */,
				5EA4C419296CAC62002588D0 /* SignUpView.swift in Sources */,
				5EA4C41F296CACD9002588D0 /* ResetPasswordConfirmView.swift in Sources */,
				5EA4C40A296CA650002588D0 /* AutoCodeAIApp.swift in Sources */,
			);
			runOnlyForDeploymentPostprocessing = 0;
		};
/* End PBXSourcesBuildPhase section */

/* Begin XCBuildConfiguration section */
		5EA4C412296CA654002588D0 /* Debug */ = {
			isa = XCBuildConfiguration;
			buildSettings = {
				ALWAYS_SEARCH_USER_PATHS = NO;
				CLANG_ANALYZER_NONNULL = YES;
				CLANG_ANALYZER_NUMBER_OBJECT_CONVERSION = YES_AGGRESSIVE;
				CLANG_CXX_LANGUAGE_STANDARD = "gnu++20";
				CLANG_ENABLE_MODULES = YES;
				CLANG_ENABLE_OBJC_ARC = YES;
				CLANG_ENABLE_OBJC_WEAK = YES;
				CLANG_WARN_BLOCK_CAPTURE_AUTORELEASING = YES;
				CLANG_WARN_BOOL_CONVERSION = YES;
				CLANG_WARN_COMMA = YES;
				CLANG_WARN_CONSTANT_CONVERSION = YES;
				CLANG_WARN_DEPRECATED_OBJC_IMPLEMENTATIONS = YES;
				CLANG_WARN_DIRECT_OBJC_ISA_USAGE = YES_ERROR;
				CLANG_WARN_DOCUMENTATION_COMMENTS = YES;
				CLANG_WARN_EMPTY_BODY = YES;
				CLANG_WARN_ENUM_CONVERSION = YES;
				CLANG_WARN_INFINITE_RECURSION = YES;
				CLANG_WARN_INT_CONVERSION = YES;
				CLANG_WARN_NON_LITERAL_NULL_CONVERSION = YES;
				CLANG_WARN_OBJC_IMPLICIT_RETAIN_SELF = YES;
				CLANG_WARN_OBJC_LITERAL_CONVERSION = YES;
				CLANG_WARN_OBJC_ROOT_CLASS = YES_ERROR;
				CLANG_WARN_QUOTED_INCLUDE_IN_FRAMEWORK_HEADER = YES;
				CLANG_WARN_RANGE_LOOP_ANALYSIS = YES;
				CLANG_WARN_STRICT_PROTOTYPES = YES;
				CLANG_WARN_SUSPICIOUS_MOVE = YES;
				CLANG_WARN_UNGUARDED_AVAILABILITY = YES_AGGRESSIVE;
				CLANG_WARN_UNREACHABLE_CODE = YES;
				CLANG_WARN__DUPLICATE_METHOD_MATCH = YES;
				COPY_PHASE_STRIP = NO;
				DEBUG_INFORMATION_FORMAT = dwarf;
				ENABLE_STRICT_OBJC_MSGSEND = YES;
				ENABLE_TESTABILITY = YES;
				GCC_C_LANGUAGE_STANDARD = gnu11;
				GCC_DYNAMIC_NO_PIC = NO;
				GCC_NO_COMMON_BLOCKS = YES;
				GCC_OPTIMIZATION_LEVEL = 0;
				GCC_PREPROCESSOR_DEFINITIONS = (
					"DEBUG=1",
					"$(inherited)",
				);
				GCC_WARN_64_TO_32_BIT_CONVERSION = YES;
				GCC_WARN_ABOUT_RETURN_TYPE = YES_ERROR;
				GCC_WARN_UNDECLARED_SELECTOR = YES;
				GCC_WARN_UNINITIALIZED_AUTOS = YES_AGGRESSIVE;
				GCC_WARN_UNUSED_FUNCTION = YES;
				GCC_WARN_UNUSED_VARIABLE = YES;
				IPHONEOS_DEPLOYMENT_TARGET = 16.1;
				MTL_ENABLE_DEBUG_INFO = INCLUDE_SOURCE;
				MTL_FAST_MATH = YES;
				ONLY_ACTIVE_ARCH = YES;
				SDKROOT = iphoneos;
				SWIFT_ACTIVE_COMPILATION_CONDITIONS = DEBUG;
				SWIFT_OPTIMIZATION_LEVEL = "-Onone";
			};
			name = Debug;
		};
		5EA4C413296CA654002588D0 /* Release */ = {
			isa = XCBuildConfiguration;
			buildSettings = {
				ALWAYS_SEARCH_USER_PATHS = NO;
				CLANG_ANALYZER_NONNULL = YES;
				CLANG_ANALYZER_NUMBER_OBJECT_CONVERSION = YES_AGGRESSIVE;
				CLANG_CXX_LANGUAGE_STANDARD = "gnu++20";
				CLANG_ENABLE_MODULES = YES;
				CLANG_ENABLE_OBJC_ARC = YES;
				CLANG_ENABLE_OBJC_WEAK = YES;
				CLANG_WARN_BLOCK_CAPTURE_AUTORELEASING = YES;
				CLANG_WARN_BOOL_CONVERSION = YES;
				CLANG_WARN_COMMA = YES;
				CLANG_WARN_CONSTANT_CONVERSION = YES;
				CLANG_WARN_DEPRECATED_OBJC_IMPLEMENTATIONS = YES;
				CLANG_WARN_DIRECT_OBJC_ISA_USAGE = YES_ERROR;
				CLANG_WARN_DOCUMENTATION_COMMENTS = YES;
				CLANG_WARN_EMPTY_BODY = YES;
				CLANG_WARN_ENUM_CONVERSION = YES;
				CLANG_WARN_INFINITE_RECURSION = YES;
				CLANG_WARN_INT_CONVERSION = YES;
				CLANG_WARN_NON_LITERAL_NULL_CONVERSION = YES;
				CLANG_WARN_OBJC_IMPLICIT_RETAIN_SELF = YES;
				CLANG_WARN_OBJC_LITERAL_CONVERSION = YES;
				CLANG_WARN_OBJC_ROOT_CLASS = YES_ERROR;
				CLANG_WARN_QUOTED_INCLUDE_IN_FRAMEWORK_HEADER = YES;
				CLANG_WARN_RANGE_LOOP_ANALYSIS = YES;
				CLANG_WARN_STRICT_PROTOTYPES = YES;
				CLANG_WARN_SUSPICIOUS_MOVE = YES;
				CLANG_WARN_UNGUARDED_AVAILABILITY = YES_AGGRESSIVE;
				CLANG_WARN_UNREACHABLE_CODE = YES;
				CLANG_WARN__DUPLICATE_METHOD_MATCH = YES;
				COPY_PHASE_STRIP = NO;
				DEBUG_INFORMATION_FORMAT = "dwarf-with-dsym";
				ENABLE_NS_ASSERTIONS = NO;
				ENABLE_STRICT_OBJC_MSGSEND = YES;
				GCC_C_LANGUAGE_STANDARD = gnu11;
				GCC_NO_COMMON_BLOCKS = YES;
				GCC_WARN_64_TO_32_BIT_CONVERSION = YES;
				GCC_WARN_ABOUT_RETURN_TYPE = YES_ERROR;
				GCC_WARN_UNDECLARED_SELECTOR = YES;
				GCC_WARN_UNINITIALIZED_AUTOS = YES_AGGRESSIVE;
				GCC_WARN_UNUSED_FUNCTION = YES;
				GCC_WARN_UNUSED_VARIABLE = YES;
				IPHONEOS_DEPLOYMENT_TARGET = 16.1;
				MTL_ENABLE_DEBUG_INFO = NO;
				MTL_FAST_MATH = YES;
				SDKROOT = iphoneos;
				SWIFT_COMPILATION_MODE = wholemodule;
				SWIFT_OPTIMIZATION_LEVEL = "-O";
				VALIDATE_PRODUCT = YES;
			};
			name = Release;
		};
		5EA4C415296CA654002588D0 /* Debug */ = {
			isa = XCBuildConfiguration;
			baseConfigurationReference = F75B11B3BC34B5293C3D3456 /* Pods-AutoCodeAI.debug.xcconfig */;
			buildSettings = {
				ASSETCATALOG_COMPILER_APPICON_NAME = AppIcon;
				ASSETCATALOG_COMPILER_GLOBAL_ACCENT_COLOR_NAME = AccentColor;
				CODE_SIGN_STYLE = Automatic;
				CURRENT_PROJECT_VERSION = 1;
				DEVELOPMENT_ASSET_PATHS = "\"AutoCodeAI/Preview Content\"";
				DEVELOPMENT_TEAM = 582792LWMN;
				ENABLE_PREVIEWS = YES;
				GENERATE_INFOPLIST_FILE = YES;
				INFOPLIST_KEY_UIApplicationSceneManifest_Generation = YES;
				INFOPLIST_KEY_UIApplicationSupportsIndirectInputEvents = YES;
				INFOPLIST_KEY_UILaunchScreen_Generation = YES;
				INFOPLIST_KEY_UISupportedInterfaceOrientations_iPad = "UIInterfaceOrientationPortrait UIInterfaceOrientationPortraitUpsideDown UIInterfaceOrientationLandscapeLeft UIInterfaceOrientationLandscapeRight";
				INFOPLIST_KEY_UISupportedInterfaceOrientations_iPhone = "UIInterfaceOrientationPortrait UIInterfaceOrientationLandscapeLeft UIInterfaceOrientationLandscapeRight";
				IPHONEOS_DEPLOYMENT_TARGET = 14.0;
				LD_RUNPATH_SEARCH_PATHS = (
					"$(inherited)",
					"@executable_path/Frameworks",
				);
				MARKETING_VERSION = 1.0;
				PRODUCT_BUNDLE_IDENTIFIER = ca.stclaircollege.AutoCodeAI;
				PRODUCT_NAME = "$(TARGET_NAME)";
				SWIFT_EMIT_LOC_STRINGS = YES;
				SWIFT_VERSION = 5.0;
				TARGETED_DEVICE_FAMILY = "1,2";
			};
			name = Debug;
		};
		5EA4C416296CA654002588D0 /* Release */ = {
			isa = XCBuildConfiguration;
			baseConfigurationReference = 25960617E12E756CF86DED5C /* Pods-AutoCodeAI.release.xcconfig */;
			buildSettings = {
				ASSETCATALOG_COMPILER_APPICON_NAME = AppIcon;
				ASSETCATALOG_COMPILER_GLOBAL_ACCENT_COLOR_NAME = AccentColor;
				CODE_SIGN_STYLE = Automatic;
				CURRENT_PROJECT_VERSION = 1;
				DEVELOPMENT_ASSET_PATHS = "\"AutoCodeAI/Preview Content\"";
				DEVELOPMENT_TEAM = 582792LWMN;
				ENABLE_PREVIEWS = YES;
				GENERATE_INFOPLIST_FILE = YES;
				INFOPLIST_KEY_UIApplicationSceneManifest_Generation = YES;
				INFOPLIST_KEY_UIApplicationSupportsIndirectInputEvents = YES;
				INFOPLIST_KEY_UILaunchScreen_Generation = YES;
				INFOPLIST_KEY_UISupportedInterfaceOrientations_iPad = "UIInterfaceOrientationPortrait UIInterfaceOrientationPortraitUpsideDown UIInterfaceOrientationLandscapeLeft UIInterfaceOrientationLandscapeRight";
				INFOPLIST_KEY_UISupportedInterfaceOrientations_iPhone = "UIInterfaceOrientationPortrait UIInterfaceOrientationLandscapeLeft UIInterfaceOrientationLandscapeRight";
				IPHONEOS_DEPLOYMENT_TARGET = 14.0;
				LD_RUNPATH_SEARCH_PATHS = (
					"$(inherited)",
					"@executable_path/Frameworks",
				);
				MARKETING_VERSION = 1.0;
				PRODUCT_BUNDLE_IDENTIFIER = ca.stclaircollege.AutoCodeAI;
				PRODUCT_NAME = "$(TARGET_NAME)";
				SWIFT_EMIT_LOC_STRINGS = YES;
				SWIFT_VERSION = 5.0;
				TARGETED_DEVICE_FAMILY = "1,2";
			};
			name = Release;
		};
/* End XCBuildConfiguration section */

/* Begin XCConfigurationList section */
		5EA4C401296CA650002588D0 /* Build configuration list for PBXProject "AutoCodeAI" */ = {
			isa = XCConfigurationList;
			buildConfigurations = (
				5EA4C412296CA654002588D0 /* Debug */,
				5EA4C413296CA654002588D0 /* Release */,
			);
			defaultConfigurationIsVisible = 0;
			defaultConfigurationName = Release;
		};
		5EA4C414296CA654002588D0 /* Build configuration list for PBXNativeTarget "AutoCodeAI" */ = {
			isa = XCConfigurationList;
			buildConfigurations = (
				5EA4C415296CA654002588D0 /* Debug */,
				5EA4C416296CA654002588D0 /* Release */,
			);
			defaultConfigurationIsVisible = 0;
			defaultConfigurationName = Release;
		};
/* End XCConfigurationList section */
	};
	rootObject = 5EA4C3FE296CA650002588D0 /* Project object */;
}
